
Microsoft Visual Studio Solution File, Format Version 12.00
# Visual Studio Version 17
VisualStudioVersion = 17.11.35327.3
MinimumVisualStudioVersion = 10.0.40219.1
Project("{FAE04EC0-301F-11D3-BF4B-00C04F79EFBC}") = "Agdata_Assessment.Api", "Agdata_Assessment.Api\Agdata_Assessment.Api.csproj", "{6A505D1F-99B5-43D4-906A-DC606416A4BF}"
EndProject
Global
	GlobalSection(SolutionConfigurationPlatforms) = preSolution
		Debug|Any CPU = Debug|Any CPU
		Release|Any CPU = Release|Any CPU
	EndGlobalSection
	GlobalSection(ProjectConfigurationPlatforms) = postSolution
		{6A505D1F-99B5-43D4-906A-DC606416A4BF}.Debug|Any CPU.ActiveCfg = Debug|Any CPU
		{6A505D1F-99B5-43D4-906A-DC606416A4BF}.Debug|Any CPU.Build.0 = Debug|Any CPU
		{6A505D1F-99B5-43D4-906A-DC606416A4BF}.Release|Any CPU.ActiveCfg = Release|Any CPU
		{6A505D1F-99B5-43D4-906A-DC606416A4BF}.Release|Any CPU.Build.0 = Release|Any CPU
	EndGlobalSection
	GlobalSection(SolutionProperties) = preSolution
		HideSolutionNode = FALSE
	EndGlobalSection
	GlobalSection(ExtensibilityGlobals) = postSolution
		SolutionGuid = {3E57FB57-41FC-4FBA-9F09-CF9DA907BD7D}
	EndGlobalSection
EndGlobal
